<?xml version="1.0" encoding="utf-8"?>
<Project ToolsVersion="4.0" xmlns="http://schemas.microsoft.com/developer/msbuild/2003">
  <ItemGroup>
    <Filter Include="Source Files">
      <UniqueIdentifier>{4FC737F1-C7A5-4376-A066-2A32D752A2FF}</UniqueIdentifier>
      <Extensions>cpp;c;cc;cxx;c++;cppm;ixx;def;odl;idl;hpj;bat;asm;asmx</Extensions>
    </Filter>
    <Filter Include="Header Files">
      <UniqueIdentifier>{93995380-89BD-4b04-88EB-625FBE52EBFB}</UniqueIdentifier>
      <Extensions>h;hh;hpp;hxx;h++;hm;inl;inc;ipp;xsd</Extensions>
    </Filter>
    <Filter Include="Resource Files">
      <UniqueIdentifier>{67DA6AB6-F800-4c08-8B7A-83BB121AAD01}</UniqueIdentifier>
      <Extensions>rc;ico;cur;bmp;dlg;rc2;rct;bin;rgs;gif;jpg;jpeg;jpe;resx;tiff;tif;png;wav;mfcribbon-ms</Extensions>
    </Filter>
    <Filter Include="ShaderManager">
      <UniqueIdentifier>{1ea8ea24-9958-4ffc-8522-8c55ce434b1f}</UniqueIdentifier>
    </Filter>
    <Filter Include="MeshManager">
      <UniqueIdentifier>{32a72b7d-eb60-4245-905e-8820cbd757ac}</UniqueIdentifier>
    </Filter>
    <Filter Include="ShaderManager\Shaders">
      <UniqueIdentifier>{7ce7daea-c4c1-4569-9b4b-10f304b6ea32}</UniqueIdentifier>
    </Filter>
    <Filter Include="Lights">
      <UniqueIdentifier>{b04d4be3-2a95-417e-9e17-5ebea92672a2}</UniqueIdentifier>
    </Filter>
    <Filter Include="Texture">
      <UniqueIdentifier>{963e4eba-9ab0-43f7-aaf8-27e97488522d}</UniqueIdentifier>
    </Filter>
    <Filter Include="cBasicFlyCamera">
      <UniqueIdentifier>{5b05fe41-efa5-40a3-942f-5c7a2932f1e3}</UniqueIdentifier>
    </Filter>
  </ItemGroup>
  <ItemGroup>
    <ClCompile Include="theMain.cpp">
      <Filter>Source Files</Filter>
    </ClCompile>
    <ClCompile Include="glad.c">
      <Filter>Source Files</Filter>
    </ClCompile>
    <ClCompile Include="cShaderManager\cShader.cpp">
      <Filter>ShaderManager</Filter>
    </ClCompile>
    <ClCompile Include="cShaderManager\cShaderManager.cpp">
      <Filter>ShaderManager</Filter>
    </ClCompile>
    <ClCompile Include="cVAOManager\cVAOManager.cpp">
      <Filter>MeshManager</Filter>
    </ClCompile>
    <ClCompile Include="cMeshObject.cpp">
      <Filter>MeshManager</Filter>
    </ClCompile>
    <ClCompile Include="glfw_keyboard_callback_function.cpp">
      <Filter>Source Files</Filter>
    </ClCompile>
    <ClCompile Include="cLightHelper\cLightHelper.cpp">
      <Filter>Lights</Filter>
    </ClCompile>
    <ClCompile Include="cLightManager.cpp">
      <Filter>Lights</Filter>
    </ClCompile>
    <ClCompile Include="sharedThings.cpp">
      <Filter>Header Files</Filter>
    </ClCompile>
    <ClCompile Include="mouse_keyboard_async.cpp">
      <Filter>Source Files</Filter>
    </ClCompile>
    <ClCompile Include="cBasicTextureManager\C24BitBMPpixel.cpp">
      <Filter>Texture</Filter>
    </ClCompile>
    <ClCompile Include="cBasicTextureManager\cBasicTextureManager.cpp">
      <Filter>Texture</Filter>
    </ClCompile>
    <ClCompile Include="cBasicTextureManager\CTextureFromBMP.cpp">
      <Filter>Texture</Filter>
    </ClCompile>
    <ClCompile Include="LoadAllTheModels.cpp">
      <Filter>Source Files</Filter>
    </ClCompile>
    <ClCompile Include="DrawMesh_function.cpp">
      <Filter>Source Files</Filter>
    </ClCompile>
    <ClCompile Include="cBasicFlyCamera\cBasicFlyCamera.cpp">
      <Filter>cBasicFlyCamera</Filter>
    </ClCompile>
  </ItemGroup>
  <ItemGroup>
    <ClInclude Include="cShaderManager\cShaderManager.h">
      <Filter>ShaderManager</Filter>
    </ClInclude>
    <ClInclude Include="globalOpenGL.h">
      <Filter>Header Files</Filter>
    </ClInclude>
    <ClInclude Include="cVAOManager\cVAOManager.h">
      <Filter>MeshManager</Filter>
    </ClInclude>
    <ClInclude Include="cMeshObject.h">
      <Filter>MeshManager</Filter>
    </ClInclude>
    <ClInclude Include="cLightHelper\cLightHelper.h">
      <Filter>Lights</Filter>
    </ClInclude>
    <ClInclude Include="cLightManager.h">
      <Filter>Lights</Filter>
    </ClInclude>
    <ClInclude Include="sharedThings.h">
      <Filter>Header Files</Filter>
    </ClInclude>
    <ClInclude Include="cBasicTextureManager\C24BitBMPpixel.h">
      <Filter>Texture</Filter>
    </ClInclude>
    <ClInclude Include="cBasicTextureManager\cBasicTextureManager.h">
      <Filter>Texture</Filter>
    </ClInclude>
    <ClInclude Include="cBasicTextureManager\CTextureFromBMP.h">
      <Filter>Texture</Filter>
    </ClInclude>
    <ClInclude Include="cBasicFlyCamera\cBasicFlyCamera.h">
      <Filter>cBasicFlyCamera</Filter>
    </ClInclude>
  </ItemGroup>
  <ItemGroup>
    <None Include="assets\shaders\fragShader01.glsl">
      <Filter>ShaderManager\Shaders</Filter>
    </None>
    <None Include="assets\shaders\vertexShader01.glsl">
      <Filter>ShaderManager\Shaders</Filter>
    </None>
  </ItemGroup>
</Project>